
Microsoft Visual Studio Solution File, Format Version 12.00
# Visual Studio Version 17
VisualStudioVersion = 17.5.002.0
MinimumVisualStudioVersion = 10.0.40219.1
Project("{2150E333-8FDC-42A3-9474-1A3956D46DE8}") = "apps", "apps", "{15189E22-55BC-4E04-ADB0-0CADCBBDB380}"
EndProject
Project("{9A19103F-16F7-4668-BE54-9A1E7A4F7556}") = "CandyKingdom.MarcyGen", "apps\marcy-gen\CandyKingdom.MarcyGen.csproj", "{74FE5885-4A58-4AF1-BA6D-CCCAE2690963}"
EndProject
Project("{FAE04EC0-301F-11D3-BF4B-00C04F79EFBC}") = "CandyKingdom.MarcyCms", "apps\marcy-cms-sample\CandyKingdom.MarcyCms.csproj", "{885A46ED-E24E-4ACB-83BF-B6A3479C070C}"
EndProject
Project("{2150E333-8FDC-42A3-9474-1A3956D46DE8}") = "libs", "libs", "{CDB157DB-670D-496F-BF77-A99B371D4E6C}"
EndProject
Project("{9A19103F-16F7-4668-BE54-9A1E7A4F7556}") = "CandyKingdom.Marcy", "libs\marcy\CandyKingdom.Marcy.csproj", "{88C559FD-9A30-4CAB-A858-B38AFB9A0AE8}"
EndProject
Project("{9A19103F-16F7-4668-BE54-9A1E7A4F7556}") = "CandyKingdom.Marcy.Test", "libs\marcy-test\CandyKingdom.Marcy.Test.csproj", "{9C77D3A0-5249-41AF-BE6D-6EC4EF1D1F92}"
EndProject
Global
	GlobalSection(SolutionConfigurationPlatforms) = preSolution
		Debug|Any CPU = Debug|Any CPU
		Release|Any CPU = Release|Any CPU
	EndGlobalSection
	GlobalSection(ProjectConfigurationPlatforms) = postSolution
		{74FE5885-4A58-4AF1-BA6D-CCCAE2690963}.Debug|Any CPU.ActiveCfg = Debug|Any CPU
		{74FE5885-4A58-4AF1-BA6D-CCCAE2690963}.Debug|Any CPU.Build.0 = Debug|Any CPU
		{74FE5885-4A58-4AF1-BA6D-CCCAE2690963}.Release|Any CPU.ActiveCfg = Release|Any CPU
		{74FE5885-4A58-4AF1-BA6D-CCCAE2690963}.Release|Any CPU.Build.0 = Release|Any CPU
		{88C559FD-9A30-4CAB-A858-B38AFB9A0AE8}.Debug|Any CPU.ActiveCfg = Debug|Any CPU
		{88C559FD-9A30-4CAB-A858-B38AFB9A0AE8}.Debug|Any CPU.Build.0 = Debug|Any CPU
		{88C559FD-9A30-4CAB-A858-B38AFB9A0AE8}.Release|Any CPU.ActiveCfg = Release|Any CPU
		{88C559FD-9A30-4CAB-A858-B38AFB9A0AE8}.Release|Any CPU.Build.0 = Release|Any CPU
		{9C77D3A0-5249-41AF-BE6D-6EC4EF1D1F92}.Debug|Any CPU.ActiveCfg = Debug|Any CPU
		{9C77D3A0-5249-41AF-BE6D-6EC4EF1D1F92}.Debug|Any CPU.Build.0 = Debug|Any CPU
		{9C77D3A0-5249-41AF-BE6D-6EC4EF1D1F92}.Release|Any CPU.ActiveCfg = Release|Any CPU
		{9C77D3A0-5249-41AF-BE6D-6EC4EF1D1F92}.Release|Any CPU.Build.0 = Release|Any CPU
		{885A46ED-E24E-4ACB-83BF-B6A3479C070C}.Debug|Any CPU.ActiveCfg = Debug|Any CPU
		{885A46ED-E24E-4ACB-83BF-B6A3479C070C}.Debug|Any CPU.Build.0 = Debug|Any CPU
		{885A46ED-E24E-4ACB-83BF-B6A3479C070C}.Release|Any CPU.ActiveCfg = Release|Any CPU
		{885A46ED-E24E-4ACB-83BF-B6A3479C070C}.Release|Any CPU.Build.0 = Release|Any CPU
	EndGlobalSection
	GlobalSection(SolutionProperties) = preSolution
		HideSolutionNode = FALSE
	EndGlobalSection
	GlobalSection(NestedProjects) = preSolution
		{74FE5885-4A58-4AF1-BA6D-CCCAE2690963} = {15189E22-55BC-4E04-ADB0-0CADCBBDB380}
		{88C559FD-9A30-4CAB-A858-B38AFB9A0AE8} = {CDB157DB-670D-496F-BF77-A99B371D4E6C}
		{9C77D3A0-5249-41AF-BE6D-6EC4EF1D1F92} = {CDB157DB-670D-496F-BF77-A99B371D4E6C}
		{885A46ED-E24E-4ACB-83BF-B6A3479C070C} = {15189E22-55BC-4E04-ADB0-0CADCBBDB380}
	EndGlobalSection
	GlobalSection(ExtensibilityGlobals) = postSolution
		SolutionGuid = {350104D3-9925-4321-975D-E0A764AA0B01}
	EndGlobalSection
EndGlobal
